<?xml version="1.0" encoding="UTF-8" standalone="yes" ?>
<CodeBlocks_project_file>
	<FileVersion major="1" minor="6" />
	<Project>
		<Option title="SnakeSFML" />
		<Option pch_mode="2" />
		<Option compiler="gcc" />
		<Build>
			<Target title="Debug">
				<Option output="bin/Debug/SnakeSFML" prefix_auto="1" extension_auto="1" />
				<Option object_output="obj/Debug/" />
				<Option type="1" />
				<Option compiler="gcc" />
				<Compiler>
					<Add option="-g" />
				</Compiler>
			</Target>
			<Target title="Release">
				<Option output="bin/Release/SnakeSFML" prefix_auto="1" extension_auto="1" />
				<Option object_output="obj/Release/" />
				<Option type="1" />
				<Option compiler="gcc" />
				<Compiler>
					<Add option="-O2" />
				</Compiler>
				<Linker>
					<Add option="-s" />
				</Linker>
			</Target>
		</Build>
		<Compiler>
			<Add option="-Wall" />
			<Add option="-fexceptions" />
			<Add directory="../../../andrea/SFML-1.6/include" />
		</Compiler>
		<Linker>
			<Add library="../../../andrea/SFML-1.6/lib/libsfml-audio.so" />
			<Add library="../../../andrea/SFML-1.6/lib/libsfml-graphics.so" />
			<Add library="../../../andrea/SFML-1.6/lib/libsfml-network.so" />
			<Add library="../../../andrea/SFML-1.6/lib/libsfml-system.so" />
			<Add library="../../../andrea/SFML-1.6/lib/libsfml-window.so" />
			<Add directory="../../../andrea/SFML-1.6/lib" />
		</Linker>
		<Unit filename="Collision.h" />
		<Unit filename="Distance.h" />
		<Unit filename="main.cpp" />
		<Extensions>
			<code_completion />
			<debugger />
		</Extensions>
	</Project>
</CodeBlocks_project_file>
